
Microsoft Visual Studio Solution File, Format Version 12.00
# Visual Studio Version 16
VisualStudioVersion = 16.0.30907.101
MinimumVisualStudioVersion = 10.0.40219.1
Project("{FAE04EC0-301F-11D3-BF4B-00C04F79EFBC}") = "dotnetlogger", "dotnetlogger\dotnetlogger.csproj", "{AA0FEA42-8F61-49EB-B943-5ABCCDFCF0A4}"
EndProject
Project("{FAE04EC0-301F-11D3-BF4B-00C04F79EFBC}") = "logger-test", "logger-test\logger-test.csproj", "{358BA6B1-5903-4C1A-84E5-F83C2135A198}"
EndProject
Global
	GlobalSection(SolutionConfigurationPlatforms) = preSolution
		Debug|Any CPU = Debug|Any CPU
		Release|Any CPU = Release|Any CPU
	EndGlobalSection
	GlobalSection(ProjectConfigurationPlatforms) = postSolution
		{AA0FEA42-8F61-49EB-B943-5ABCCDFCF0A4}.Debug|Any CPU.ActiveCfg = Debug|Any CPU
		{AA0FEA42-8F61-49EB-B943-5ABCCDFCF0A4}.Debug|Any CPU.Build.0 = Debug|Any CPU
		{AA0FEA42-8F61-49EB-B943-5ABCCDFCF0A4}.Release|Any CPU.ActiveCfg = Release|Any CPU
		{AA0FEA42-8F61-49EB-B943-5ABCCDFCF0A4}.Release|Any CPU.Build.0 = Release|Any CPU
		{358BA6B1-5903-4C1A-84E5-F83C2135A198}.Debug|Any CPU.ActiveCfg = Debug|Any CPU
		{358BA6B1-5903-4C1A-84E5-F83C2135A198}.Debug|Any CPU.Build.0 = Debug|Any CPU
		{358BA6B1-5903-4C1A-84E5-F83C2135A198}.Release|Any CPU.ActiveCfg = Release|Any CPU
		{358BA6B1-5903-4C1A-84E5-F83C2135A198}.Release|Any CPU.Build.0 = Release|Any CPU
	EndGlobalSection
	GlobalSection(SolutionProperties) = preSolution
		HideSolutionNode = FALSE
	EndGlobalSection
	GlobalSection(ExtensibilityGlobals) = postSolution
		SolutionGuid = {B9D51435-46BD-4A8B-A40B-3C129BB5CF35}
	EndGlobalSection
EndGlobal
